
Microsoft Visual Studio Solution File, Format Version 11.00
# Visual Studio 2010
Project("{FAE04EC0-301F-11D3-BF4B-00C04F79EFBC}") = "BitSits Framework", "BitSits Framework\BitSits Framework\BitSits Framework.csproj", "{B41F79E8-B74F-4FBC-95A3-7A624E3A1B1C}"
EndProject
Project("{FAE04EC0-301F-11D3-BF4B-00C04F79EFBC}") = "BitSits FrameworkContent", "BitSits Framework\BitSits FrameworkContent\BitSits FrameworkContent.contentproj", "{F73252A8-599E-41E7-AD5D-07EBE4F27BCA}"
EndProject
Project("{FAE04EC0-301F-11D3-BF4B-00C04F79EFBC}") = "GameDataLibrary", "GameDataLibrary\GameDataLibrary.csproj", "{8D5E814A-5473-4F1C-8705-B4642ED3DBFC}"
EndProject
Project("{FAE04EC0-301F-11D3-BF4B-00C04F79EFBC}") = "Windows Phone - BitSits Framework", "BitSits Framework\BitSits Framework\Windows Phone - BitSits Framework.csproj", "{BB97ADC1-8B72-44B8-882E-47B5690D2906}"
EndProject
Project("{FAE04EC0-301F-11D3-BF4B-00C04F79EFBC}") = "Windows Phone - GameDataLibrary", "GameDataLibrary\Windows Phone - GameDataLibrary.csproj", "{57CF2181-6D04-4571-8401-648BB7854535}"
EndProject
Global
	GlobalSection(SolutionConfigurationPlatforms) = preSolution
		Debug|Mixed Platforms = Debug|Mixed Platforms
		Debug|Windows Phone = Debug|Windows Phone
		Debug|x86 = Debug|x86
		Release|Mixed Platforms = Release|Mixed Platforms
		Release|Windows Phone = Release|Windows Phone
		Release|x86 = Release|x86
	EndGlobalSection
	GlobalSection(ProjectConfigurationPlatforms) = postSolution
		{B41F79E8-B74F-4FBC-95A3-7A624E3A1B1C}.Debug|Mixed Platforms.ActiveCfg = Debug|x86
		{B41F79E8-B74F-4FBC-95A3-7A624E3A1B1C}.Debug|Mixed Platforms.Build.0 = Debug|x86
		{B41F79E8-B74F-4FBC-95A3-7A624E3A1B1C}.Debug|Windows Phone.ActiveCfg = Debug|x86
		{B41F79E8-B74F-4FBC-95A3-7A624E3A1B1C}.Debug|Windows Phone.Build.0 = Debug|x86
		{B41F79E8-B74F-4FBC-95A3-7A624E3A1B1C}.Debug|x86.ActiveCfg = Debug|x86
		{B41F79E8-B74F-4FBC-95A3-7A624E3A1B1C}.Debug|x86.Build.0 = Debug|x86
		{B41F79E8-B74F-4FBC-95A3-7A624E3A1B1C}.Release|Mixed Platforms.ActiveCfg = Release|x86
		{B41F79E8-B74F-4FBC-95A3-7A624E3A1B1C}.Release|Mixed Platforms.Build.0 = Release|x86
		{B41F79E8-B74F-4FBC-95A3-7A624E3A1B1C}.Release|Windows Phone.ActiveCfg = Release|x86
		{B41F79E8-B74F-4FBC-95A3-7A624E3A1B1C}.Release|Windows Phone.Build.0 = Release|x86
		{B41F79E8-B74F-4FBC-95A3-7A624E3A1B1C}.Release|x86.ActiveCfg = Release|x86
		{B41F79E8-B74F-4FBC-95A3-7A624E3A1B1C}.Release|x86.Build.0 = Release|x86
		{F73252A8-599E-41E7-AD5D-07EBE4F27BCA}.Debug|Mixed Platforms.ActiveCfg = Release|x86
		{F73252A8-599E-41E7-AD5D-07EBE4F27BCA}.Debug|Windows Phone.ActiveCfg = Debug|x86
		{F73252A8-599E-41E7-AD5D-07EBE4F27BCA}.Debug|x86.ActiveCfg = Debug|x86
		{F73252A8-599E-41E7-AD5D-07EBE4F27BCA}.Release|Mixed Platforms.ActiveCfg = Release|x86
		{F73252A8-599E-41E7-AD5D-07EBE4F27BCA}.Release|Windows Phone.ActiveCfg = Release|x86
		{F73252A8-599E-41E7-AD5D-07EBE4F27BCA}.Release|x86.ActiveCfg = Release|x86
		{8D5E814A-5473-4F1C-8705-B4642ED3DBFC}.Debug|Mixed Platforms.ActiveCfg = Debug|x86
		{8D5E814A-5473-4F1C-8705-B4642ED3DBFC}.Debug|Mixed Platforms.Build.0 = Debug|x86
		{8D5E814A-5473-4F1C-8705-B4642ED3DBFC}.Debug|Windows Phone.ActiveCfg = Debug|x86
		{8D5E814A-5473-4F1C-8705-B4642ED3DBFC}.Debug|Windows Phone.Build.0 = Debug|x86
		{8D5E814A-5473-4F1C-8705-B4642ED3DBFC}.Debug|x86.ActiveCfg = Debug|x86
		{8D5E814A-5473-4F1C-8705-B4642ED3DBFC}.Debug|x86.Build.0 = Debug|x86
		{8D5E814A-5473-4F1C-8705-B4642ED3DBFC}.Release|Mixed Platforms.ActiveCfg = Release|x86
		{8D5E814A-5473-4F1C-8705-B4642ED3DBFC}.Release|Mixed Platforms.Build.0 = Release|x86
		{8D5E814A-5473-4F1C-8705-B4642ED3DBFC}.Release|Windows Phone.ActiveCfg = Release|x86
		{8D5E814A-5473-4F1C-8705-B4642ED3DBFC}.Release|Windows Phone.Build.0 = Release|x86
		{8D5E814A-5473-4F1C-8705-B4642ED3DBFC}.Release|x86.ActiveCfg = Release|x86
		{8D5E814A-5473-4F1C-8705-B4642ED3DBFC}.Release|x86.Build.0 = Release|x86
		{BB97ADC1-8B72-44B8-882E-47B5690D2906}.Debug|Mixed Platforms.ActiveCfg = Debug|Windows Phone
		{BB97ADC1-8B72-44B8-882E-47B5690D2906}.Debug|Windows Phone.ActiveCfg = Debug|Windows Phone
		{BB97ADC1-8B72-44B8-882E-47B5690D2906}.Debug|Windows Phone.Build.0 = Debug|Windows Phone
		{BB97ADC1-8B72-44B8-882E-47B5690D2906}.Debug|Windows Phone.Deploy.0 = Debug|Windows Phone
		{BB97ADC1-8B72-44B8-882E-47B5690D2906}.Debug|x86.ActiveCfg = Debug|Windows Phone
		{BB97ADC1-8B72-44B8-882E-47B5690D2906}.Release|Mixed Platforms.ActiveCfg = Release|Windows Phone
		{BB97ADC1-8B72-44B8-882E-47B5690D2906}.Release|Windows Phone.ActiveCfg = Release|Windows Phone
		{BB97ADC1-8B72-44B8-882E-47B5690D2906}.Release|Windows Phone.Build.0 = Release|Windows Phone
		{BB97ADC1-8B72-44B8-882E-47B5690D2906}.Release|Windows Phone.Deploy.0 = Release|Windows Phone
		{BB97ADC1-8B72-44B8-882E-47B5690D2906}.Release|x86.ActiveCfg = Release|Windows Phone
		{57CF2181-6D04-4571-8401-648BB7854535}.Debug|Mixed Platforms.ActiveCfg = Debug|Windows Phone
		{57CF2181-6D04-4571-8401-648BB7854535}.Debug|Windows Phone.ActiveCfg = Debug|Windows Phone
		{57CF2181-6D04-4571-8401-648BB7854535}.Debug|Windows Phone.Build.0 = Debug|Windows Phone
		{57CF2181-6D04-4571-8401-648BB7854535}.Debug|x86.ActiveCfg = Debug|Windows Phone
		{57CF2181-6D04-4571-8401-648BB7854535}.Release|Mixed Platforms.ActiveCfg = Release|Windows Phone
		{57CF2181-6D04-4571-8401-648BB7854535}.Release|Windows Phone.ActiveCfg = Release|Windows Phone
		{57CF2181-6D04-4571-8401-648BB7854535}.Release|Windows Phone.Build.0 = Release|Windows Phone
		{57CF2181-6D04-4571-8401-648BB7854535}.Release|x86.ActiveCfg = Release|Windows Phone
	EndGlobalSection
	GlobalSection(SolutionProperties) = preSolution
		HideSolutionNode = FALSE
	EndGlobalSection
EndGlobal
